<?xml version="1.0" encoding="utf-8"?>
<Project ToolsVersion="4.0" xmlns="http://schemas.microsoft.com/developer/msbuild/2003">
  <ItemGroup>
    <Filter Include="Source Files">
      <UniqueIdentifier>{d7875490-7759-47c0-8484-0c8891f01345}</UniqueIdentifier>
      <Extensions>cpp;c;cc;cxx;c++;def;odl;idl;hpj;bat;asm;asmx;hip;cu</Extensions>
    </Filter>
    <Filter Include="Header Files">
      <UniqueIdentifier>{b0f249b4-0806-4ae1-ac61-635541f60aab}</UniqueIdentifier>
      <Extensions>h;hh;hpp;hxx;h++;hm;inl;inc;ipp;xsd;cuh</Extensions>
    </Filter>
    <Filter Include="Resource Files">
      <UniqueIdentifier>{4ad34cf0-f1d1-44fb-973d-c20dbd06716a}</UniqueIdentifier>
      <Extensions>rc;ico;cur;bmp;dlg;rc2;rct;bin;rgs;gif;jpg;jpeg;jpe;resx;tiff;tif;png;wav;mfcribbon-ms</Extensions>
    </Filter>
    <Filter Include="Source Files\common">
      <UniqueIdentifier>{0b3840ed-9a18-4bfb-b04c-edc7e15347e5}</UniqueIdentifier>
    </Filter>
    <Filter Include="Header Files\common">
      <UniqueIdentifier>{6cd0b930-7a21-41e8-ae69-03abf29c3df0}</UniqueIdentifier>
    </Filter>
    <Filter Include="Source Files\nlp">
      <UniqueIdentifier>{8457ed25-ab0a-4a9f-8e3f-c405dfe4e494}</UniqueIdentifier>
    </Filter>
    <Filter Include="Header Files\nlp">
      <UniqueIdentifier>{cabd2960-7192-4d97-bc1c-ef726fadb07c}</UniqueIdentifier>
    </Filter>
    <Filter Include="Header Files\executor">
      <UniqueIdentifier>{9572bedd-1540-414f-8aaa-227b5d1f3da4}</UniqueIdentifier>
    </Filter>
    <Filter Include="Header Files\runtime">
      <UniqueIdentifier>{f7d068eb-24ab-4a04-a79f-fb1424dc2d48}</UniqueIdentifier>
    </Filter>
  </ItemGroup>
  <ItemGroup>
    <None Include="SECURITY.md" />
    <None Include="vcpkg.json" />
    <None Include=".gitignore" />
    <None Include="CODE_OF_CONDUCT.md" />
    <None Include="CONTRIBUTING.md" />
    <None Include="LICENSE" />
  </ItemGroup>
  <ItemGroup>
    <ClCompile Include="weight.cpp">
      <Filter>Source Files</Filter>
    </ClCompile>
    <ClCompile Include="gpuTypes.cpp">
      <Filter>Source Files</Filter>
    </ClCompile>
    <ClCompile Include="types.cpp">
      <Filter>Source Files</Filter>
    </ClCompile>
    <ClCompile Include="layer.cpp">
      <Filter>Source Files</Filter>
    </ClCompile>
    <ClCompile Include="network.cpp">
      <Filter>Source Files</Filter>
    </ClCompile>
    <ClCompile Include="activation.cu">
      <Filter>Source Files</Filter>
    </ClCompile>
    <ClCompile Include="sorting.cu">
      <Filter>Source Files</Filter>
    </ClCompile>
    <ClCompile Include="sparse.cu">
      <Filter>Source Files</Filter>
    </ClCompile>
    <ClCompile Include="common\assert.cpp">
      <Filter>Source Files\common</Filter>
    </ClCompile>
    <ClCompile Include="common\cublasMMWrapper.cpp">
      <Filter>Source Files\common</Filter>
    </ClCompile>
    <ClCompile Include="common\cudaDriverWrapper.cpp">
      <Filter>Source Files\common</Filter>
    </ClCompile>
    <ClCompile Include="common\envUtils.cpp">
      <Filter>Source Files\common</Filter>
    </ClCompile>
    <ClCompile Include="common\exception.cpp">
      <Filter>Source Files\common</Filter>
    </ClCompile>
    <ClCompile Include="common\logger.cpp">
      <Filter>Source Files\common</Filter>
    </ClCompile>
    <ClCompile Include="common\stringUtils.cpp">
      <Filter>Source Files\common</Filter>
    </ClCompile>
    <ClCompile Include="common\tensor.cpp">
      <Filter>Source Files\common</Filter>
    </ClCompile>
    <ClCompile Include="common\cudaFp8Utils.cu">
      <Filter>Source Files\common</Filter>
    </ClCompile>
    <ClCompile Include="common\memoryUtils.cu">
      <Filter>Source Files\common</Filter>
    </ClCompile>
    <ClCompile Include="nlp\banBadWords.cu">
      <Filter>Source Files\nlp</Filter>
    </ClCompile>
  </ItemGroup>
  <ItemGroup>
    <ClInclude Include="weight.h">
      <Filter>Header Files</Filter>
    </ClInclude>
    <ClInclude Include="gpuTypes.h">
      <Filter>Header Files</Filter>
    </ClInclude>
    <ClInclude Include="types.h">
      <Filter>Header Files</Filter>
    </ClInclude>
    <ClInclude Include="kernels.cuh">
      <Filter>Header Files</Filter>
    </ClInclude>
    <ClInclude Include="gpuSort.h">
      <Filter>Header Files</Filter>
    </ClInclude>
    <ClInclude Include="constants.h">
      <Filter>Header Files</Filter>
    </ClInclude>
    <ClInclude Include="enum.h">
      <Filter>Header Files</Filter>
    </ClInclude>
    <ClInclude Include="layer.h">
      <Filter>Header Files</Filter>
    </ClInclude>
    <ClInclude Include="network.h">
      <Filter>Header Files</Filter>
    </ClInclude>
    <ClInclude Include="threadPool.h">
      <Filter>Header Files</Filter>
    </ClInclude>
    <ClInclude Include="bitonicSort.cuh">
      <Filter>Header Files</Filter>
    </ClInclude>
    <ClInclude Include="common\allocator.h">
      <Filter>Header Files\common</Filter>
    </ClInclude>
    <ClInclude Include="common\assert.h">
      <Filter>Header Files\common</Filter>
    </ClInclude>
    <ClInclude Include="common\cublasMMWrapper.h">
      <Filter>Header Files\common</Filter>
    </ClInclude>
    <ClInclude Include="common\cublasVersionCheck.h">
      <Filter>Header Files\common</Filter>
    </ClInclude>
    <ClInclude Include="common\cudaBf16Wrapper.h">
      <Filter>Header Files\common</Filter>
    </ClInclude>
    <ClInclude Include="common\cudaDriverWrapper.h">
      <Filter>Header Files\common</Filter>
    </ClInclude>
    <ClInclude Include="common\cudaFp8Utils.h">
      <Filter>Header Files\common</Filter>
    </ClInclude>
    <ClInclude Include="common\cudaUtils.h">
      <Filter>Header Files\common</Filter>
    </ClInclude>
    <ClInclude Include="common\dataType.h">
      <Filter>Header Files\common</Filter>
    </ClInclude>
    <ClInclude Include="common\envUtils.h">
      <Filter>Header Files\common</Filter>
    </ClInclude>
    <ClInclude Include="common\exception.h">
      <Filter>Header Files\common</Filter>
    </ClInclude>
    <ClInclude Include="common\logger.h">
      <Filter>Header Files\common</Filter>
    </ClInclude>
    <ClInclude Include="common\memoryUtils.h">
      <Filter>Header Files\common</Filter>
    </ClInclude>
    <ClInclude Include="common\nvtxUtils.h">
      <Filter>Header Files\common</Filter>
    </ClInclude>
    <ClInclude Include="common\quantization.h">
      <Filter>Header Files\common</Filter>
    </ClInclude>
    <ClInclude Include="common\stlUtils.h">
      <Filter>Header Files\common</Filter>
    </ClInclude>
    <ClInclude Include="common\stringUtils.h">
      <Filter>Header Files\common</Filter>
    </ClInclude>
    <ClInclude Include="common\tensor.h">
      <Filter>Header Files\common</Filter>
    </ClInclude>
    <ClInclude Include="common\workspace.h">
      <Filter>Header Files\common</Filter>
    </ClInclude>
    <ClInclude Include="common\cudaBf16Fallbacks.cuh">
      <Filter>Header Files\common</Filter>
    </ClInclude>
    <ClInclude Include="common\cudaTypeUtils.cuh">
      <Filter>Header Files\common</Filter>
    </ClInclude>
    <ClInclude Include="common\reduceKernelUtils.cuh">
      <Filter>Header Files\common</Filter>
    </ClInclude>
    <ClInclude Include="nlp\banBadWords.h">
      <Filter>Header Files\nlp</Filter>
    </ClInclude>
    <ClInclude Include="common\arrayView.h">
      <Filter>Header Files\common</Filter>
    </ClInclude>
    <ClInclude Include="executor\executor.h">
      <Filter>Header Files\executor</Filter>
    </ClInclude>
    <ClInclude Include="executor\tensor.h">
      <Filter>Header Files\executor</Filter>
    </ClInclude>
    <ClInclude Include="executor\types.h">
      <Filter>Header Files\executor</Filter>
    </ClInclude>
    <ClInclude Include="runtime\bufferManager.h">
      <Filter>Header Files\runtime</Filter>
    </ClInclude>
    <ClInclude Include="runtime\common.h">
      <Filter>Header Files\runtime</Filter>
    </ClInclude>
    <ClInclude Include="runtime\cudaEvent.h">
      <Filter>Header Files\runtime</Filter>
    </ClInclude>
    <ClInclude Include="runtime\cudaStream.h">
      <Filter>Header Files\runtime</Filter>
    </ClInclude>
    <ClInclude Include="runtime\decodingInput.h">
      <Filter>Header Files\runtime</Filter>
    </ClInclude>
    <ClInclude Include="runtime\decodingMode.h">
      <Filter>Header Files\runtime</Filter>
    </ClInclude>
    <ClInclude Include="runtime\decodingOutput.h">
      <Filter>Header Files\runtime</Filter>
    </ClInclude>
    <ClInclude Include="runtime\generationInput.h">
      <Filter>Header Files\runtime</Filter>
    </ClInclude>
    <ClInclude Include="runtime\generationOutput.h">
      <Filter>Header Files\runtime</Filter>
    </ClInclude>
    <ClInclude Include="runtime\iBuffer.h">
      <Filter>Header Files\runtime</Filter>
    </ClInclude>
    <ClInclude Include="runtime\iStatefulGptDecoder.h">
      <Filter>Header Files\runtime</Filter>
    </ClInclude>
    <ClInclude Include="runtime\iTensor.h">
      <Filter>Header Files\runtime</Filter>
    </ClInclude>
    <ClInclude Include="runtime\memoryCounters.h">
      <Filter>Header Files\runtime</Filter>
    </ClInclude>
    <ClInclude Include="runtime\promptTuningParams.h">
      <Filter>Header Files\runtime</Filter>
    </ClInclude>
    <ClInclude Include="runtime\samplingConfig.h">
      <Filter>Header Files\runtime</Filter>
    </ClInclude>
    <ClInclude Include="runtime\tllmLogger.h">
      <Filter>Header Files\runtime</Filter>
    </ClInclude>
    <ClInclude Include="runtime\worldConfig.h">
      <Filter>Header Files\runtime</Filter>
    </ClInclude>
  </ItemGroup>
</Project>